
Microsoft Visual Studio Solution File, Format Version 12.00
# Visual Studio Version 17
VisualStudioVersion = 17.13.35919.96 d17.13
MinimumVisualStudioVersion = 10.0.40219.1
Project("{FAE04EC0-301F-11D3-BF4B-00C04F79EFBC}") = "Zoo.Common", "Zoo.Common\Zoo.Common.csproj", "{FA25F5F6-2AAE-4A9F-AE44-27AA9326E1C5}"
EndProject
Project("{FAE04EC0-301F-11D3-BF4B-00C04F79EFBC}") = "Zoo.Console", "Zoo.Console\Zoo.Console.csproj", "{1DF67E65-0ED9-4FBC-AC97-2E950FFEB173}"
EndProject
Global
	GlobalSection(SolutionConfigurationPlatforms) = preSolution
		Debug|Any CPU = Debug|Any CPU
		Release|Any CPU = Release|Any CPU
	EndGlobalSection
	GlobalSection(ProjectConfigurationPlatforms) = postSolution
		{FA25F5F6-2AAE-4A9F-AE44-27AA9326E1C5}.Debug|Any CPU.ActiveCfg = Debug|Any CPU
		{FA25F5F6-2AAE-4A9F-AE44-27AA9326E1C5}.Debug|Any CPU.Build.0 = Debug|Any CPU
		{FA25F5F6-2AAE-4A9F-AE44-27AA9326E1C5}.Release|Any CPU.ActiveCfg = Release|Any CPU
		{FA25F5F6-2AAE-4A9F-AE44-27AA9326E1C5}.Release|Any CPU.Build.0 = Release|Any CPU
		{1DF67E65-0ED9-4FBC-AC97-2E950FFEB173}.Debug|Any CPU.ActiveCfg = Debug|Any CPU
		{1DF67E65-0ED9-4FBC-AC97-2E950FFEB173}.Debug|Any CPU.Build.0 = Debug|Any CPU
		{1DF67E65-0ED9-4FBC-AC97-2E950FFEB173}.Release|Any CPU.ActiveCfg = Release|Any CPU
		{1DF67E65-0ED9-4FBC-AC97-2E950FFEB173}.Release|Any CPU.Build.0 = Release|Any CPU
	EndGlobalSection
	GlobalSection(SolutionProperties) = preSolution
		HideSolutionNode = FALSE
	EndGlobalSection
	GlobalSection(ExtensibilityGlobals) = postSolution
		SolutionGuid = {0AD39229-6A1B-4132-A947-F0C62DB6F97C}
	EndGlobalSection
EndGlobal
